
Microsoft Visual Studio Solution File, Format Version 12.00
# Visual Studio 14
VisualStudioVersion = 14.0.25420.1
MinimumVisualStudioVersion = 10.0.40219.1
Project("{FAE04EC0-301F-11D3-BF4B-00C04F79EFBC}") = "01. Hornet Wings", "01. Hornet Wings\01. Hornet Wings.csproj", "{4276904C-E3EE-47D4-85EC-C31C49775097}"
EndProject
Project("{FAE04EC0-301F-11D3-BF4B-00C04F79EFBC}") = "02. Hornet Comm", "02. Hornet Comm.\02. Hornet Comm.csproj", "{BC4B5982-D2BE-4CF0-9084-E51D144898DB}"
EndProject
Project("{FAE04EC0-301F-11D3-BF4B-00C04F79EFBC}") = "03. Hornet Assault", "03. Hornet Assault\03. Hornet Assault.csproj", "{BD6B9C11-B7D0-4FD2-8AE9-676775A50BC5}"
EndProject
Project("{FAE04EC0-301F-11D3-BF4B-00C04F79EFBC}") = "04. Hornet Armada", "04. Hornet Armada\04. Hornet Armada.csproj", "{06A47D17-FA34-467C-8873-D02D9BC93A54}"
EndProject
Global
	GlobalSection(SolutionConfigurationPlatforms) = preSolution
		Debug|Any CPU = Debug|Any CPU
		Release|Any CPU = Release|Any CPU
	EndGlobalSection
	GlobalSection(ProjectConfigurationPlatforms) = postSolution
		{4276904C-E3EE-47D4-85EC-C31C49775097}.Debug|Any CPU.ActiveCfg = Debug|Any CPU
		{4276904C-E3EE-47D4-85EC-C31C49775097}.Debug|Any CPU.Build.0 = Debug|Any CPU
		{4276904C-E3EE-47D4-85EC-C31C49775097}.Release|Any CPU.ActiveCfg = Release|Any CPU
		{4276904C-E3EE-47D4-85EC-C31C49775097}.Release|Any CPU.Build.0 = Release|Any CPU
		{BC4B5982-D2BE-4CF0-9084-E51D144898DB}.Debug|Any CPU.ActiveCfg = Debug|Any CPU
		{BC4B5982-D2BE-4CF0-9084-E51D144898DB}.Debug|Any CPU.Build.0 = Debug|Any CPU
		{BC4B5982-D2BE-4CF0-9084-E51D144898DB}.Release|Any CPU.ActiveCfg = Release|Any CPU
		{BC4B5982-D2BE-4CF0-9084-E51D144898DB}.Release|Any CPU.Build.0 = Release|Any CPU
		{BD6B9C11-B7D0-4FD2-8AE9-676775A50BC5}.Debug|Any CPU.ActiveCfg = Debug|Any CPU
		{BD6B9C11-B7D0-4FD2-8AE9-676775A50BC5}.Debug|Any CPU.Build.0 = Debug|Any CPU
		{BD6B9C11-B7D0-4FD2-8AE9-676775A50BC5}.Release|Any CPU.ActiveCfg = Release|Any CPU
		{BD6B9C11-B7D0-4FD2-8AE9-676775A50BC5}.Release|Any CPU.Build.0 = Release|Any CPU
		{06A47D17-FA34-467C-8873-D02D9BC93A54}.Debug|Any CPU.ActiveCfg = Debug|Any CPU
		{06A47D17-FA34-467C-8873-D02D9BC93A54}.Debug|Any CPU.Build.0 = Debug|Any CPU
		{06A47D17-FA34-467C-8873-D02D9BC93A54}.Release|Any CPU.ActiveCfg = Release|Any CPU
		{06A47D17-FA34-467C-8873-D02D9BC93A54}.Release|Any CPU.Build.0 = Release|Any CPU
	EndGlobalSection
	GlobalSection(SolutionProperties) = preSolution
		HideSolutionNode = FALSE
	EndGlobalSection
EndGlobal
